
Microsoft Visual Studio Solution File, Format Version 12.00
# Visual Studio Version 16
VisualStudioVersion = 16.0.31205.134
MinimumVisualStudioVersion = 10.0.40219.1
Project("{FAE04EC0-301F-11D3-BF4B-00C04F79EFBC}") = "NatWebProj", "NatWebProj\NatWebProj.csproj", "{A6B96446-8709-4C6E-8DDE-8F01D34170BF}"
EndProject
Global
	GlobalSection(SolutionConfigurationPlatforms) = preSolution
		Debug|Any CPU = Debug|Any CPU
		Release|Any CPU = Release|Any CPU
	EndGlobalSection
	GlobalSection(ProjectConfigurationPlatforms) = postSolution
		{A6B96446-8709-4C6E-8DDE-8F01D34170BF}.Debug|Any CPU.ActiveCfg = Debug|Any CPU
		{A6B96446-8709-4C6E-8DDE-8F01D34170BF}.Debug|Any CPU.Build.0 = Debug|Any CPU
		{A6B96446-8709-4C6E-8DDE-8F01D34170BF}.Release|Any CPU.ActiveCfg = Release|Any CPU
		{A6B96446-8709-4C6E-8DDE-8F01D34170BF}.Release|Any CPU.Build.0 = Release|Any CPU
	EndGlobalSection
	GlobalSection(SolutionProperties) = preSolution
		HideSolutionNode = FALSE
	EndGlobalSection
	GlobalSection(ExtensibilityGlobals) = postSolution
		SolutionGuid = {2229C30A-4F01-43A9-BD8E-6D213D42938E}
	EndGlobalSection
EndGlobal
